
Microsoft Visual Studio Solution File, Format Version 12.00
# Visual Studio Version 16
VisualStudioVersion = 16.0.33027.164
MinimumVisualStudioVersion = 10.0.40219.1
Project("{2150E333-8FDC-42A3-9474-1A3956D46DE8}") = "EShop", "EShop", "{BA1AEBAE-256A-4780-BEFE-641C4042A352}"
EndProject
Project("{FAE04EC0-301F-11D3-BF4B-00C04F79EFBC}") = "EShop.Web", "EShop.Web\EShop.Web.csproj", "{4DD14721-AA8C-4C07-BDF5-B4E97E9FE2A9}"
EndProject
Global
	GlobalSection(SolutionConfigurationPlatforms) = preSolution
		Debug|Any CPU = Debug|Any CPU
		Release|Any CPU = Release|Any CPU
	EndGlobalSection
	GlobalSection(ProjectConfigurationPlatforms) = postSolution
		{4DD14721-AA8C-4C07-BDF5-B4E97E9FE2A9}.Debug|Any CPU.ActiveCfg = Debug|Any CPU
		{4DD14721-AA8C-4C07-BDF5-B4E97E9FE2A9}.Debug|Any CPU.Build.0 = Debug|Any CPU
		{4DD14721-AA8C-4C07-BDF5-B4E97E9FE2A9}.Release|Any CPU.ActiveCfg = Release|Any CPU
		{4DD14721-AA8C-4C07-BDF5-B4E97E9FE2A9}.Release|Any CPU.Build.0 = Release|Any CPU
	EndGlobalSection
	GlobalSection(SolutionProperties) = preSolution
		HideSolutionNode = FALSE
	EndGlobalSection
	GlobalSection(NestedProjects) = preSolution
		{4DD14721-AA8C-4C07-BDF5-B4E97E9FE2A9} = {BA1AEBAE-256A-4780-BEFE-641C4042A352}
	EndGlobalSection
	GlobalSection(ExtensibilityGlobals) = postSolution
		SolutionGuid = {A500D198-2350-450A-81DA-51F377169828}
	EndGlobalSection
EndGlobal
